
Microsoft Visual Studio Solution File, Format Version 12.00
# Visual Studio Version 16
VisualStudioVersion = 16.0.31515.178
MinimumVisualStudioVersion = 10.0.40219.1
Project("{FAE04EC0-301F-11D3-BF4B-00C04F79EFBC}") = "UserAgentClient", "UserAgentClient\UserAgentClient.csproj", "{96A26897-2FF5-47B1-B6CE-59BD6E8C0CFF}"
EndProject
Global
	GlobalSection(SolutionConfigurationPlatforms) = preSolution
		Debug|Any CPU = Debug|Any CPU
		Release|Any CPU = Release|Any CPU
	EndGlobalSection
	GlobalSection(ProjectConfigurationPlatforms) = postSolution
		{96A26897-2FF5-47B1-B6CE-59BD6E8C0CFF}.Debug|Any CPU.ActiveCfg = Debug|Any CPU
		{96A26897-2FF5-47B1-B6CE-59BD6E8C0CFF}.Debug|Any CPU.Build.0 = Debug|Any CPU
		{96A26897-2FF5-47B1-B6CE-59BD6E8C0CFF}.Release|Any CPU.ActiveCfg = Release|Any CPU
		{96A26897-2FF5-47B1-B6CE-59BD6E8C0CFF}.Release|Any CPU.Build.0 = Release|Any CPU
	EndGlobalSection
	GlobalSection(SolutionProperties) = preSolution
		HideSolutionNode = FALSE
	EndGlobalSection
	GlobalSection(ExtensibilityGlobals) = postSolution
		SolutionGuid = {1127E78B-ADB8-4ADE-A7ED-275AFE866707}
	EndGlobalSection
EndGlobal
